{
  "requires": true,
  "lockfileVersion": 1,
  "dependencies": {
    "vanillaselectbox": {
      "version": "1.0.2",
      "resolved": "https://registry.npmjs.org/vanillaselectbox/-/vanillaselectbox-1.0.2.tgz",
      "integrity": "sha512-ppLlxBgjuvkUB28IYH1eHz5bVozAHlEzUK/mh7Mc/gUmcb5dkCpPpWX5+s+bW29FM32V3ADgnl0yfYM78ns5AQ=="
    }
  }
}
